
Microsoft Visual Studio Solution File, Format Version 12.00
# Visual Studio Version 16
VisualStudioVersion = 16.0.31515.178
MinimumVisualStudioVersion = 10.0.40219.1
Project("{8BC9CEB8-8B4A-11D0-8D11-00A0C91BC942}") = "Task1", "Task1\Task1.vcxproj", "{515DD1A4-DDD7-4DCA-A13B-E8A49DEBA139}"
EndProject
Project("{8BC9CEB8-8B4A-11D0-8D11-00A0C91BC942}") = "Task2", "Task2\Task2.vcxproj", "{5D269B3D-B172-4E11-BCE5-4415127AE5C2}"
EndProject
Project("{8BC9CEB8-8B4A-11D0-8D11-00A0C91BC942}") = "Task3", "Task3\Task3.vcxproj", "{8A94A49B-B810-48D8-8FC9-4B5222911191}"
EndProject
Project("{8BC9CEB8-8B4A-11D0-8D11-00A0C91BC942}") = "Task4", "Task4\Task4.vcxproj", "{C94F79F4-2646-44E8-9C5D-76B826083E87}"
EndProject
Project("{8BC9CEB8-8B4A-11D0-8D11-00A0C91BC942}") = "Task6 fraction", "Task6 fraction\Task6 fraction.vcxproj", "{2887300E-0EE1-4C9F-865B-6AE53E8E7706}"
EndProject
Project("{8BC9CEB8-8B4A-11D0-8D11-00A0C91BC942}") = "Task7 rectangle", "Task7 rectangle\Task7 rectangle.vcxproj", "{9D5E1D2A-DB30-4190-AA2B-CBEDBA0D11EA}"
EndProject
Project("{8BC9CEB8-8B4A-11D0-8D11-00A0C91BC942}") = "Task8 Even,odd", "Task8 Even,odd\Task8 Even,odd.vcxproj", "{44A1E040-5847-413A-B0A0-C338DAEB0183}"
EndProject
Project("{8BC9CEB8-8B4A-11D0-8D11-00A0C91BC942}") = "Task9", "Task9\Task9.vcxproj", "{48C6E95D-B07B-4C47-97E1-E647D537054E}"
EndProject
Project("{8BC9CEB8-8B4A-11D0-8D11-00A0C91BC942}") = "Task5", "Task5\Task5.vcxproj", "{6684F05C-300F-49E0-8174-EE2C0D447922}"
EndProject
Project("{8BC9CEB8-8B4A-11D0-8D11-00A0C91BC942}") = "Task10", "Task10\Task10.vcxproj", "{A2396801-6CA6-41AB-8E3B-084FDA881DB8}"
EndProject
Global
	GlobalSection(SolutionConfigurationPlatforms) = preSolution
		Debug|x64 = Debug|x64
		Debug|x86 = Debug|x86
		Release|x64 = Release|x64
		Release|x86 = Release|x86
	EndGlobalSection
	GlobalSection(ProjectConfigurationPlatforms) = postSolution
		{515DD1A4-DDD7-4DCA-A13B-E8A49DEBA139}.Debug|x64.ActiveCfg = Debug|x64
		{515DD1A4-DDD7-4DCA-A13B-E8A49DEBA139}.Debug|x64.Build.0 = Debug|x64
		{515DD1A4-DDD7-4DCA-A13B-E8A49DEBA139}.Debug|x86.ActiveCfg = Debug|Win32
		{515DD1A4-DDD7-4DCA-A13B-E8A49DEBA139}.Debug|x86.Build.0 = Debug|Win32
		{515DD1A4-DDD7-4DCA-A13B-E8A49DEBA139}.Release|x64.ActiveCfg = Release|x64
		{515DD1A4-DDD7-4DCA-A13B-E8A49DEBA139}.Release|x64.Build.0 = Release|x64
		{515DD1A4-DDD7-4DCA-A13B-E8A49DEBA139}.Release|x86.ActiveCfg = Release|Win32
		{515DD1A4-DDD7-4DCA-A13B-E8A49DEBA139}.Release|x86.Build.0 = Release|Win32
		{5D269B3D-B172-4E11-BCE5-4415127AE5C2}.Debug|x64.ActiveCfg = Debug|x64
		{5D269B3D-B172-4E11-BCE5-4415127AE5C2}.Debug|x64.Build.0 = Debug|x64
		{5D269B3D-B172-4E11-BCE5-4415127AE5C2}.Debug|x86.ActiveCfg = Debug|Win32
		{5D269B3D-B172-4E11-BCE5-4415127AE5C2}.Debug|x86.Build.0 = Debug|Win32
		{5D269B3D-B172-4E11-BCE5-4415127AE5C2}.Release|x64.ActiveCfg = Release|x64
		{5D269B3D-B172-4E11-BCE5-4415127AE5C2}.Release|x64.Build.0 = Release|x64
		{5D269B3D-B172-4E11-BCE5-4415127AE5C2}.Release|x86.ActiveCfg = Release|Win32
		{5D269B3D-B172-4E11-BCE5-4415127AE5C2}.Release|x86.Build.0 = Release|Win32
		{8A94A49B-B810-48D8-8FC9-4B5222911191}.Debug|x64.ActiveCfg = Debug|x64
		{8A94A49B-B810-48D8-8FC9-4B5222911191}.Debug|x64.Build.0 = Debug|x64
		{8A94A49B-B810-48D8-8FC9-4B5222911191}.Debug|x86.ActiveCfg = Debug|Win32
		{8A94A49B-B810-48D8-8FC9-4B5222911191}.Debug|x86.Build.0 = Debug|Win32
		{8A94A49B-B810-48D8-8FC9-4B5222911191}.Release|x64.ActiveCfg = Release|x64
		{8A94A49B-B810-48D8-8FC9-4B5222911191}.Release|x64.Build.0 = Release|x64
		{8A94A49B-B810-48D8-8FC9-4B5222911191}.Release|x86.ActiveCfg = Release|Win32
		{8A94A49B-B810-48D8-8FC9-4B5222911191}.Release|x86.Build.0 = Release|Win32
		{C94F79F4-2646-44E8-9C5D-76B826083E87}.Debug|x64.ActiveCfg = Debug|x64
		{C94F79F4-2646-44E8-9C5D-76B826083E87}.Debug|x64.Build.0 = Debug|x64
		{C94F79F4-2646-44E8-9C5D-76B826083E87}.Debug|x86.ActiveCfg = Debug|Win32
		{C94F79F4-2646-44E8-9C5D-76B826083E87}.Debug|x86.Build.0 = Debug|Win32
		{C94F79F4-2646-44E8-9C5D-76B826083E87}.Release|x64.ActiveCfg = Release|x64
		{C94F79F4-2646-44E8-9C5D-76B826083E87}.Release|x64.Build.0 = Release|x64
		{C94F79F4-2646-44E8-9C5D-76B826083E87}.Release|x86.ActiveCfg = Release|Win32
		{C94F79F4-2646-44E8-9C5D-76B826083E87}.Release|x86.Build.0 = Release|Win32
		{2887300E-0EE1-4C9F-865B-6AE53E8E7706}.Debug|x64.ActiveCfg = Debug|x64
		{2887300E-0EE1-4C9F-865B-6AE53E8E7706}.Debug|x64.Build.0 = Debug|x64
		{2887300E-0EE1-4C9F-865B-6AE53E8E7706}.Debug|x86.ActiveCfg = Debug|Win32
		{2887300E-0EE1-4C9F-865B-6AE53E8E7706}.Debug|x86.Build.0 = Debug|Win32
		{2887300E-0EE1-4C9F-865B-6AE53E8E7706}.Release|x64.ActiveCfg = Release|x64
		{2887300E-0EE1-4C9F-865B-6AE53E8E7706}.Release|x64.Build.0 = Release|x64
		{2887300E-0EE1-4C9F-865B-6AE53E8E7706}.Release|x86.ActiveCfg = Release|Win32
		{2887300E-0EE1-4C9F-865B-6AE53E8E7706}.Release|x86.Build.0 = Release|Win32
		{9D5E1D2A-DB30-4190-AA2B-CBEDBA0D11EA}.Debug|x64.ActiveCfg = Debug|x64
		{9D5E1D2A-DB30-4190-AA2B-CBEDBA0D11EA}.Debug|x64.Build.0 = Debug|x64
		{9D5E1D2A-DB30-4190-AA2B-CBEDBA0D11EA}.Debug|x86.ActiveCfg = Debug|Win32
		{9D5E1D2A-DB30-4190-AA2B-CBEDBA0D11EA}.Debug|x86.Build.0 = Debug|Win32
		{9D5E1D2A-DB30-4190-AA2B-CBEDBA0D11EA}.Release|x64.ActiveCfg = Release|x64
		{9D5E1D2A-DB30-4190-AA2B-CBEDBA0D11EA}.Release|x64.Build.0 = Release|x64
		{9D5E1D2A-DB30-4190-AA2B-CBEDBA0D11EA}.Release|x86.ActiveCfg = Release|Win32
		{9D5E1D2A-DB30-4190-AA2B-CBEDBA0D11EA}.Release|x86.Build.0 = Release|Win32
		{44A1E040-5847-413A-B0A0-C338DAEB0183}.Debug|x64.ActiveCfg = Debug|x64
		{44A1E040-5847-413A-B0A0-C338DAEB0183}.Debug|x64.Build.0 = Debug|x64
		{44A1E040-5847-413A-B0A0-C338DAEB0183}.Debug|x86.ActiveCfg = Debug|Win32
		{44A1E040-5847-413A-B0A0-C338DAEB0183}.Debug|x86.Build.0 = Debug|Win32
		{44A1E040-5847-413A-B0A0-C338DAEB0183}.Release|x64.ActiveCfg = Release|x64
		{44A1E040-5847-413A-B0A0-C338DAEB0183}.Release|x64.Build.0 = Release|x64
		{44A1E040-5847-413A-B0A0-C338DAEB0183}.Release|x86.ActiveCfg = Release|Win32
		{44A1E040-5847-413A-B0A0-C338DAEB0183}.Release|x86.Build.0 = Release|Win32
		{48C6E95D-B07B-4C47-97E1-E647D537054E}.Debug|x64.ActiveCfg = Debug|x64
		{48C6E95D-B07B-4C47-97E1-E647D537054E}.Debug|x64.Build.0 = Debug|x64
		{48C6E95D-B07B-4C47-97E1-E647D537054E}.Debug|x86.ActiveCfg = Debug|Win32
		{48C6E95D-B07B-4C47-97E1-E647D537054E}.Debug|x86.Build.0 = Debug|Win32
		{48C6E95D-B07B-4C47-97E1-E647D537054E}.Release|x64.ActiveCfg = Release|x64
		{48C6E95D-B07B-4C47-97E1-E647D537054E}.Release|x64.Build.0 = Release|x64
		{48C6E95D-B07B-4C47-97E1-E647D537054E}.Release|x86.ActiveCfg = Release|Win32
		{48C6E95D-B07B-4C47-97E1-E647D537054E}.Release|x86.Build.0 = Release|Win32
		{6684F05C-300F-49E0-8174-EE2C0D447922}.Debug|x64.ActiveCfg = Debug|x64
		{6684F05C-300F-49E0-8174-EE2C0D447922}.Debug|x64.Build.0 = Debug|x64
		{6684F05C-300F-49E0-8174-EE2C0D447922}.Debug|x86.ActiveCfg = Debug|Win32
		{6684F05C-300F-49E0-8174-EE2C0D447922}.Debug|x86.Build.0 = Debug|Win32
		{6684F05C-300F-49E0-8174-EE2C0D447922}.Release|x64.ActiveCfg = Release|x64
		{6684F05C-300F-49E0-8174-EE2C0D447922}.Release|x64.Build.0 = Release|x64
		{6684F05C-300F-49E0-8174-EE2C0D447922}.Release|x86.ActiveCfg = Release|Win32
		{6684F05C-300F-49E0-8174-EE2C0D447922}.Release|x86.Build.0 = Release|Win32
		{A2396801-6CA6-41AB-8E3B-084FDA881DB8}.Debug|x64.ActiveCfg = Debug|x64
		{A2396801-6CA6-41AB-8E3B-084FDA881DB8}.Debug|x64.Build.0 = Debug|x64
		{A2396801-6CA6-41AB-8E3B-084FDA881DB8}.Debug|x86.ActiveCfg = Debug|Win32
		{A2396801-6CA6-41AB-8E3B-084FDA881DB8}.Debug|x86.Build.0 = Debug|Win32
		{A2396801-6CA6-41AB-8E3B-084FDA881DB8}.Release|x64.ActiveCfg = Release|x64
		{A2396801-6CA6-41AB-8E3B-084FDA881DB8}.Release|x64.Build.0 = Release|x64
		{A2396801-6CA6-41AB-8E3B-084FDA881DB8}.Release|x86.ActiveCfg = Release|Win32
		{A2396801-6CA6-41AB-8E3B-084FDA881DB8}.Release|x86.Build.0 = Release|Win32
	EndGlobalSection
	GlobalSection(SolutionProperties) = preSolution
		HideSolutionNode = FALSE
	EndGlobalSection
	GlobalSection(ExtensibilityGlobals) = postSolution
		SolutionGuid = {DEFB452B-7790-4655-BB86-0305B1A741B6}
	EndGlobalSection
EndGlobal
