
Microsoft Visual Studio Solution File, Format Version 12.00
# Visual Studio Version 16
VisualStudioVersion = 16.0.31515.178
MinimumVisualStudioVersion = 10.0.40219.1
Project("{8BC9CEB8-8B4A-11D0-8D11-00A0C91BC942}") = "B.Task1", "B.Task1\B.Task1.vcxproj", "{FCF2E446-D557-4604-8CF9-B794ED6E4289}"
EndProject
Project("{8BC9CEB8-8B4A-11D0-8D11-00A0C91BC942}") = "B.Task2", "B.Task2\B.Task2.vcxproj", "{1B4F81B3-A236-42DC-AD55-374C4BAC715F}"
EndProject
Project("{8BC9CEB8-8B4A-11D0-8D11-00A0C91BC942}") = "B.Task3", "B.Task3\B.Task3.vcxproj", "{21C4CED2-8363-4109-933E-D7E07C2B9810}"
EndProject
Project("{8BC9CEB8-8B4A-11D0-8D11-00A0C91BC942}") = "B.Task4", "B.Task4\B.Task4.vcxproj", "{B157FCDD-DA0E-4CFD-A22C-8AC3723DA4AA}"
EndProject
Project("{8BC9CEB8-8B4A-11D0-8D11-00A0C91BC942}") = "B.Task5", "B.Task5\B.Task5.vcxproj", "{FC8211F2-CED0-4653-8896-32049CE66B2A}"
EndProject
Project("{8BC9CEB8-8B4A-11D0-8D11-00A0C91BC942}") = "B.Task6", "B.Task6\B.Task6.vcxproj", "{188C44CF-6D93-4CF9-91DD-2FA4C7365236}"
EndProject
Project("{8BC9CEB8-8B4A-11D0-8D11-00A0C91BC942}") = "B.Task7", "B.Task7\B.Task7.vcxproj", "{BD68C751-6BDD-431D-B51B-FA0766C2E8D1}"
EndProject
Project("{8BC9CEB8-8B4A-11D0-8D11-00A0C91BC942}") = "B.Task8", "B.Task8\B.Task8.vcxproj", "{5CBFB18A-6E8D-4099-8D80-E1AF2764C5E1}"
EndProject
Project("{8BC9CEB8-8B4A-11D0-8D11-00A0C91BC942}") = "B.Task9", "B.Task9\B.Task9.vcxproj", "{2A81298F-B432-41B1-AA1F-D7BD61543349}"
EndProject
Project("{8BC9CEB8-8B4A-11D0-8D11-00A0C91BC942}") = "B.Task10", "B.Task10\B.Task10.vcxproj", "{40348F81-6E4F-42DA-99EA-7EA675998B44}"
EndProject
Project("{8BC9CEB8-8B4A-11D0-8D11-00A0C91BC942}") = "Drill_A", "Drill_A\Drill_A.vcxproj", "{EB47F52E-6AB6-4652-BDF2-40E1D5F1BE75}"
EndProject
Project("{8BC9CEB8-8B4A-11D0-8D11-00A0C91BC942}") = "Drill_B1", "Drill_B1\Drill_B1.vcxproj", "{ADA793CB-8F10-4B6F-BDED-B122D909DCCE}"
EndProject
Project("{8BC9CEB8-8B4A-11D0-8D11-00A0C91BC942}") = "Drill_B_1", "Drill_B_1\Drill_B_1.vcxproj", "{24B0EBBD-0167-4DD3-9795-594B898B9853}"
EndProject
Project("{8BC9CEB8-8B4A-11D0-8D11-00A0C91BC942}") = "Drill_B_2", "Drill_B_2\Drill_B_2.vcxproj", "{2911275A-56CA-412A-A05E-4607524438B5}"
EndProject
Project("{8BC9CEB8-8B4A-11D0-8D11-00A0C91BC942}") = "Drill_B_3", "Drill_B_3\Drill_B_3.vcxproj", "{CC42FDC4-F896-470D-A198-5D7C92189933}"
EndProject
Project("{8BC9CEB8-8B4A-11D0-8D11-00A0C91BC942}") = "Drill_4", "Drill_4\Drill_4.vcxproj", "{5154A7BB-AD26-4896-AECA-5E2C22EC24E5}"
EndProject
Global
	GlobalSection(SolutionConfigurationPlatforms) = preSolution
		Debug|x64 = Debug|x64
		Debug|x86 = Debug|x86
		Release|x64 = Release|x64
		Release|x86 = Release|x86
	EndGlobalSection
	GlobalSection(ProjectConfigurationPlatforms) = postSolution
		{FCF2E446-D557-4604-8CF9-B794ED6E4289}.Debug|x64.ActiveCfg = Debug|x64
		{FCF2E446-D557-4604-8CF9-B794ED6E4289}.Debug|x64.Build.0 = Debug|x64
		{FCF2E446-D557-4604-8CF9-B794ED6E4289}.Debug|x86.ActiveCfg = Debug|Win32
		{FCF2E446-D557-4604-8CF9-B794ED6E4289}.Debug|x86.Build.0 = Debug|Win32
		{FCF2E446-D557-4604-8CF9-B794ED6E4289}.Release|x64.ActiveCfg = Release|x64
		{FCF2E446-D557-4604-8CF9-B794ED6E4289}.Release|x64.Build.0 = Release|x64
		{FCF2E446-D557-4604-8CF9-B794ED6E4289}.Release|x86.ActiveCfg = Release|Win32
		{FCF2E446-D557-4604-8CF9-B794ED6E4289}.Release|x86.Build.0 = Release|Win32
		{1B4F81B3-A236-42DC-AD55-374C4BAC715F}.Debug|x64.ActiveCfg = Debug|x64
		{1B4F81B3-A236-42DC-AD55-374C4BAC715F}.Debug|x64.Build.0 = Debug|x64
		{1B4F81B3-A236-42DC-AD55-374C4BAC715F}.Debug|x86.ActiveCfg = Debug|Win32
		{1B4F81B3-A236-42DC-AD55-374C4BAC715F}.Debug|x86.Build.0 = Debug|Win32
		{1B4F81B3-A236-42DC-AD55-374C4BAC715F}.Release|x64.ActiveCfg = Release|x64
		{1B4F81B3-A236-42DC-AD55-374C4BAC715F}.Release|x64.Build.0 = Release|x64
		{1B4F81B3-A236-42DC-AD55-374C4BAC715F}.Release|x86.ActiveCfg = Release|Win32
		{1B4F81B3-A236-42DC-AD55-374C4BAC715F}.Release|x86.Build.0 = Release|Win32
		{21C4CED2-8363-4109-933E-D7E07C2B9810}.Debug|x64.ActiveCfg = Debug|x64
		{21C4CED2-8363-4109-933E-D7E07C2B9810}.Debug|x64.Build.0 = Debug|x64
		{21C4CED2-8363-4109-933E-D7E07C2B9810}.Debug|x86.ActiveCfg = Debug|Win32
		{21C4CED2-8363-4109-933E-D7E07C2B9810}.Debug|x86.Build.0 = Debug|Win32
		{21C4CED2-8363-4109-933E-D7E07C2B9810}.Release|x64.ActiveCfg = Release|x64
		{21C4CED2-8363-4109-933E-D7E07C2B9810}.Release|x64.Build.0 = Release|x64
		{21C4CED2-8363-4109-933E-D7E07C2B9810}.Release|x86.ActiveCfg = Release|Win32
		{21C4CED2-8363-4109-933E-D7E07C2B9810}.Release|x86.Build.0 = Release|Win32
		{B157FCDD-DA0E-4CFD-A22C-8AC3723DA4AA}.Debug|x64.ActiveCfg = Debug|x64
		{B157FCDD-DA0E-4CFD-A22C-8AC3723DA4AA}.Debug|x64.Build.0 = Debug|x64
		{B157FCDD-DA0E-4CFD-A22C-8AC3723DA4AA}.Debug|x86.ActiveCfg = Debug|Win32
		{B157FCDD-DA0E-4CFD-A22C-8AC3723DA4AA}.Debug|x86.Build.0 = Debug|Win32
		{B157FCDD-DA0E-4CFD-A22C-8AC3723DA4AA}.Release|x64.ActiveCfg = Release|x64
		{B157FCDD-DA0E-4CFD-A22C-8AC3723DA4AA}.Release|x64.Build.0 = Release|x64
		{B157FCDD-DA0E-4CFD-A22C-8AC3723DA4AA}.Release|x86.ActiveCfg = Release|Win32
		{B157FCDD-DA0E-4CFD-A22C-8AC3723DA4AA}.Release|x86.Build.0 = Release|Win32
		{FC8211F2-CED0-4653-8896-32049CE66B2A}.Debug|x64.ActiveCfg = Debug|x64
		{FC8211F2-CED0-4653-8896-32049CE66B2A}.Debug|x64.Build.0 = Debug|x64
		{FC8211F2-CED0-4653-8896-32049CE66B2A}.Debug|x86.ActiveCfg = Debug|Win32
		{FC8211F2-CED0-4653-8896-32049CE66B2A}.Debug|x86.Build.0 = Debug|Win32
		{FC8211F2-CED0-4653-8896-32049CE66B2A}.Release|x64.ActiveCfg = Release|x64
		{FC8211F2-CED0-4653-8896-32049CE66B2A}.Release|x64.Build.0 = Release|x64
		{FC8211F2-CED0-4653-8896-32049CE66B2A}.Release|x86.ActiveCfg = Release|Win32
		{FC8211F2-CED0-4653-8896-32049CE66B2A}.Release|x86.Build.0 = Release|Win32
		{188C44CF-6D93-4CF9-91DD-2FA4C7365236}.Debug|x64.ActiveCfg = Debug|x64
		{188C44CF-6D93-4CF9-91DD-2FA4C7365236}.Debug|x64.Build.0 = Debug|x64
		{188C44CF-6D93-4CF9-91DD-2FA4C7365236}.Debug|x86.ActiveCfg = Debug|Win32
		{188C44CF-6D93-4CF9-91DD-2FA4C7365236}.Debug|x86.Build.0 = Debug|Win32
		{188C44CF-6D93-4CF9-91DD-2FA4C7365236}.Release|x64.ActiveCfg = Release|x64
		{188C44CF-6D93-4CF9-91DD-2FA4C7365236}.Release|x64.Build.0 = Release|x64
		{188C44CF-6D93-4CF9-91DD-2FA4C7365236}.Release|x86.ActiveCfg = Release|Win32
		{188C44CF-6D93-4CF9-91DD-2FA4C7365236}.Release|x86.Build.0 = Release|Win32
		{BD68C751-6BDD-431D-B51B-FA0766C2E8D1}.Debug|x64.ActiveCfg = Debug|x64
		{BD68C751-6BDD-431D-B51B-FA0766C2E8D1}.Debug|x64.Build.0 = Debug|x64
		{BD68C751-6BDD-431D-B51B-FA0766C2E8D1}.Debug|x86.ActiveCfg = Debug|Win32
		{BD68C751-6BDD-431D-B51B-FA0766C2E8D1}.Debug|x86.Build.0 = Debug|Win32
		{BD68C751-6BDD-431D-B51B-FA0766C2E8D1}.Release|x64.ActiveCfg = Release|x64
		{BD68C751-6BDD-431D-B51B-FA0766C2E8D1}.Release|x64.Build.0 = Release|x64
		{BD68C751-6BDD-431D-B51B-FA0766C2E8D1}.Release|x86.ActiveCfg = Release|Win32
		{BD68C751-6BDD-431D-B51B-FA0766C2E8D1}.Release|x86.Build.0 = Release|Win32
		{5CBFB18A-6E8D-4099-8D80-E1AF2764C5E1}.Debug|x64.ActiveCfg = Debug|x64
		{5CBFB18A-6E8D-4099-8D80-E1AF2764C5E1}.Debug|x64.Build.0 = Debug|x64
		{5CBFB18A-6E8D-4099-8D80-E1AF2764C5E1}.Debug|x86.ActiveCfg = Debug|Win32
		{5CBFB18A-6E8D-4099-8D80-E1AF2764C5E1}.Debug|x86.Build.0 = Debug|Win32
		{5CBFB18A-6E8D-4099-8D80-E1AF2764C5E1}.Release|x64.ActiveCfg = Release|x64
		{5CBFB18A-6E8D-4099-8D80-E1AF2764C5E1}.Release|x64.Build.0 = Release|x64
		{5CBFB18A-6E8D-4099-8D80-E1AF2764C5E1}.Release|x86.ActiveCfg = Release|Win32
		{5CBFB18A-6E8D-4099-8D80-E1AF2764C5E1}.Release|x86.Build.0 = Release|Win32
		{2A81298F-B432-41B1-AA1F-D7BD61543349}.Debug|x64.ActiveCfg = Debug|x64
		{2A81298F-B432-41B1-AA1F-D7BD61543349}.Debug|x64.Build.0 = Debug|x64
		{2A81298F-B432-41B1-AA1F-D7BD61543349}.Debug|x86.ActiveCfg = Debug|Win32
		{2A81298F-B432-41B1-AA1F-D7BD61543349}.Debug|x86.Build.0 = Debug|Win32
		{2A81298F-B432-41B1-AA1F-D7BD61543349}.Release|x64.ActiveCfg = Release|x64
		{2A81298F-B432-41B1-AA1F-D7BD61543349}.Release|x64.Build.0 = Release|x64
		{2A81298F-B432-41B1-AA1F-D7BD61543349}.Release|x86.ActiveCfg = Release|Win32
		{2A81298F-B432-41B1-AA1F-D7BD61543349}.Release|x86.Build.0 = Release|Win32
		{40348F81-6E4F-42DA-99EA-7EA675998B44}.Debug|x64.ActiveCfg = Debug|x64
		{40348F81-6E4F-42DA-99EA-7EA675998B44}.Debug|x64.Build.0 = Debug|x64
		{40348F81-6E4F-42DA-99EA-7EA675998B44}.Debug|x86.ActiveCfg = Debug|Win32
		{40348F81-6E4F-42DA-99EA-7EA675998B44}.Debug|x86.Build.0 = Debug|Win32
		{40348F81-6E4F-42DA-99EA-7EA675998B44}.Release|x64.ActiveCfg = Release|x64
		{40348F81-6E4F-42DA-99EA-7EA675998B44}.Release|x64.Build.0 = Release|x64
		{40348F81-6E4F-42DA-99EA-7EA675998B44}.Release|x86.ActiveCfg = Release|Win32
		{40348F81-6E4F-42DA-99EA-7EA675998B44}.Release|x86.Build.0 = Release|Win32
		{EB47F52E-6AB6-4652-BDF2-40E1D5F1BE75}.Debug|x64.ActiveCfg = Debug|x64
		{EB47F52E-6AB6-4652-BDF2-40E1D5F1BE75}.Debug|x64.Build.0 = Debug|x64
		{EB47F52E-6AB6-4652-BDF2-40E1D5F1BE75}.Debug|x86.ActiveCfg = Debug|Win32
		{EB47F52E-6AB6-4652-BDF2-40E1D5F1BE75}.Debug|x86.Build.0 = Debug|Win32
		{EB47F52E-6AB6-4652-BDF2-40E1D5F1BE75}.Release|x64.ActiveCfg = Release|x64
		{EB47F52E-6AB6-4652-BDF2-40E1D5F1BE75}.Release|x64.Build.0 = Release|x64
		{EB47F52E-6AB6-4652-BDF2-40E1D5F1BE75}.Release|x86.ActiveCfg = Release|Win32
		{EB47F52E-6AB6-4652-BDF2-40E1D5F1BE75}.Release|x86.Build.0 = Release|Win32
		{ADA793CB-8F10-4B6F-BDED-B122D909DCCE}.Debug|x64.ActiveCfg = Debug|x64
		{ADA793CB-8F10-4B6F-BDED-B122D909DCCE}.Debug|x64.Build.0 = Debug|x64
		{ADA793CB-8F10-4B6F-BDED-B122D909DCCE}.Debug|x86.ActiveCfg = Debug|Win32
		{ADA793CB-8F10-4B6F-BDED-B122D909DCCE}.Debug|x86.Build.0 = Debug|Win32
		{ADA793CB-8F10-4B6F-BDED-B122D909DCCE}.Release|x64.ActiveCfg = Release|x64
		{ADA793CB-8F10-4B6F-BDED-B122D909DCCE}.Release|x64.Build.0 = Release|x64
		{ADA793CB-8F10-4B6F-BDED-B122D909DCCE}.Release|x86.ActiveCfg = Release|Win32
		{ADA793CB-8F10-4B6F-BDED-B122D909DCCE}.Release|x86.Build.0 = Release|Win32
		{24B0EBBD-0167-4DD3-9795-594B898B9853}.Debug|x64.ActiveCfg = Debug|x64
		{24B0EBBD-0167-4DD3-9795-594B898B9853}.Debug|x64.Build.0 = Debug|x64
		{24B0EBBD-0167-4DD3-9795-594B898B9853}.Debug|x86.ActiveCfg = Debug|Win32
		{24B0EBBD-0167-4DD3-9795-594B898B9853}.Debug|x86.Build.0 = Debug|Win32
		{24B0EBBD-0167-4DD3-9795-594B898B9853}.Release|x64.ActiveCfg = Release|x64
		{24B0EBBD-0167-4DD3-9795-594B898B9853}.Release|x64.Build.0 = Release|x64
		{24B0EBBD-0167-4DD3-9795-594B898B9853}.Release|x86.ActiveCfg = Release|Win32
		{24B0EBBD-0167-4DD3-9795-594B898B9853}.Release|x86.Build.0 = Release|Win32
		{2911275A-56CA-412A-A05E-4607524438B5}.Debug|x64.ActiveCfg = Debug|x64
		{2911275A-56CA-412A-A05E-4607524438B5}.Debug|x64.Build.0 = Debug|x64
		{2911275A-56CA-412A-A05E-4607524438B5}.Debug|x86.ActiveCfg = Debug|Win32
		{2911275A-56CA-412A-A05E-4607524438B5}.Debug|x86.Build.0 = Debug|Win32
		{2911275A-56CA-412A-A05E-4607524438B5}.Release|x64.ActiveCfg = Release|x64
		{2911275A-56CA-412A-A05E-4607524438B5}.Release|x64.Build.0 = Release|x64
		{2911275A-56CA-412A-A05E-4607524438B5}.Release|x86.ActiveCfg = Release|Win32
		{2911275A-56CA-412A-A05E-4607524438B5}.Release|x86.Build.0 = Release|Win32
		{CC42FDC4-F896-470D-A198-5D7C92189933}.Debug|x64.ActiveCfg = Debug|x64
		{CC42FDC4-F896-470D-A198-5D7C92189933}.Debug|x64.Build.0 = Debug|x64
		{CC42FDC4-F896-470D-A198-5D7C92189933}.Debug|x86.ActiveCfg = Debug|Win32
		{CC42FDC4-F896-470D-A198-5D7C92189933}.Debug|x86.Build.0 = Debug|Win32
		{CC42FDC4-F896-470D-A198-5D7C92189933}.Release|x64.ActiveCfg = Release|x64
		{CC42FDC4-F896-470D-A198-5D7C92189933}.Release|x64.Build.0 = Release|x64
		{CC42FDC4-F896-470D-A198-5D7C92189933}.Release|x86.ActiveCfg = Release|Win32
		{CC42FDC4-F896-470D-A198-5D7C92189933}.Release|x86.Build.0 = Release|Win32
		{5154A7BB-AD26-4896-AECA-5E2C22EC24E5}.Debug|x64.ActiveCfg = Debug|x64
		{5154A7BB-AD26-4896-AECA-5E2C22EC24E5}.Debug|x64.Build.0 = Debug|x64
		{5154A7BB-AD26-4896-AECA-5E2C22EC24E5}.Debug|x86.ActiveCfg = Debug|Win32
		{5154A7BB-AD26-4896-AECA-5E2C22EC24E5}.Debug|x86.Build.0 = Debug|Win32
		{5154A7BB-AD26-4896-AECA-5E2C22EC24E5}.Release|x64.ActiveCfg = Release|x64
		{5154A7BB-AD26-4896-AECA-5E2C22EC24E5}.Release|x64.Build.0 = Release|x64
		{5154A7BB-AD26-4896-AECA-5E2C22EC24E5}.Release|x86.ActiveCfg = Release|Win32
		{5154A7BB-AD26-4896-AECA-5E2C22EC24E5}.Release|x86.Build.0 = Release|Win32
	EndGlobalSection
	GlobalSection(SolutionProperties) = preSolution
		HideSolutionNode = FALSE
	EndGlobalSection
	GlobalSection(ExtensibilityGlobals) = postSolution
		SolutionGuid = {424E8D85-139D-43FE-A8F0-7C3E7FC76858}
	EndGlobalSection
EndGlobal
