
Microsoft Visual Studio Solution File, Format Version 12.00
# Visual Studio Version 16
VisualStudioVersion = 16.0.31515.178
MinimumVisualStudioVersion = 10.0.40219.1
Project("{8BC9CEB8-8B4A-11D0-8D11-00A0C91BC942}") = "Task1_1", "Task1_1\Task1_1.vcxproj", "{AFC50A4A-34D9-43EC-A87F-623494797805}"
EndProject
Project("{8BC9CEB8-8B4A-11D0-8D11-00A0C91BC942}") = "Task_2", "Task_2\Task_2.vcxproj", "{8CE16A70-F452-4F0F-A02B-79E01FFA1C54}"
EndProject
Project("{8BC9CEB8-8B4A-11D0-8D11-00A0C91BC942}") = "Task_3", "Task_3\Task_3.vcxproj", "{DB46F75D-CEA4-4574-82BF-12A6E1CA1D01}"
EndProject
Project("{8BC9CEB8-8B4A-11D0-8D11-00A0C91BC942}") = "Task4", "Task4\Task4.vcxproj", "{868B7E54-49B2-4E43-9513-70D675600E13}"
EndProject
Project("{8BC9CEB8-8B4A-11D0-8D11-00A0C91BC942}") = "Task5", "Task5\Task5.vcxproj", "{93E329FA-8C78-46C6-A03E-1BCB81DCA590}"
EndProject
Project("{8BC9CEB8-8B4A-11D0-8D11-00A0C91BC942}") = "Task6", "Task6\Task6.vcxproj", "{DB1F26C0-6CD9-4856-983B-C6BA3253969E}"
EndProject
Project("{8BC9CEB8-8B4A-11D0-8D11-00A0C91BC942}") = "Task7", "Task7\Task7.vcxproj", "{516E1C3F-F95E-4850-A1B2-D339B485FFC7}"
EndProject
Project("{8BC9CEB8-8B4A-11D0-8D11-00A0C91BC942}") = "Task8", "Task8\Task8.vcxproj", "{127C2371-CC0D-4E2D-BF59-6CF1B858D54A}"
EndProject
Global
	GlobalSection(SolutionConfigurationPlatforms) = preSolution
		Debug|x64 = Debug|x64
		Debug|x86 = Debug|x86
		Release|x64 = Release|x64
		Release|x86 = Release|x86
	EndGlobalSection
	GlobalSection(ProjectConfigurationPlatforms) = postSolution
		{AFC50A4A-34D9-43EC-A87F-623494797805}.Debug|x64.ActiveCfg = Debug|x64
		{AFC50A4A-34D9-43EC-A87F-623494797805}.Debug|x64.Build.0 = Debug|x64
		{AFC50A4A-34D9-43EC-A87F-623494797805}.Debug|x86.ActiveCfg = Debug|Win32
		{AFC50A4A-34D9-43EC-A87F-623494797805}.Debug|x86.Build.0 = Debug|Win32
		{AFC50A4A-34D9-43EC-A87F-623494797805}.Release|x64.ActiveCfg = Release|x64
		{AFC50A4A-34D9-43EC-A87F-623494797805}.Release|x64.Build.0 = Release|x64
		{AFC50A4A-34D9-43EC-A87F-623494797805}.Release|x86.ActiveCfg = Release|Win32
		{AFC50A4A-34D9-43EC-A87F-623494797805}.Release|x86.Build.0 = Release|Win32
		{8CE16A70-F452-4F0F-A02B-79E01FFA1C54}.Debug|x64.ActiveCfg = Debug|x64
		{8CE16A70-F452-4F0F-A02B-79E01FFA1C54}.Debug|x64.Build.0 = Debug|x64
		{8CE16A70-F452-4F0F-A02B-79E01FFA1C54}.Debug|x86.ActiveCfg = Debug|Win32
		{8CE16A70-F452-4F0F-A02B-79E01FFA1C54}.Debug|x86.Build.0 = Debug|Win32
		{8CE16A70-F452-4F0F-A02B-79E01FFA1C54}.Release|x64.ActiveCfg = Release|x64
		{8CE16A70-F452-4F0F-A02B-79E01FFA1C54}.Release|x64.Build.0 = Release|x64
		{8CE16A70-F452-4F0F-A02B-79E01FFA1C54}.Release|x86.ActiveCfg = Release|Win32
		{8CE16A70-F452-4F0F-A02B-79E01FFA1C54}.Release|x86.Build.0 = Release|Win32
		{DB46F75D-CEA4-4574-82BF-12A6E1CA1D01}.Debug|x64.ActiveCfg = Debug|x64
		{DB46F75D-CEA4-4574-82BF-12A6E1CA1D01}.Debug|x64.Build.0 = Debug|x64
		{DB46F75D-CEA4-4574-82BF-12A6E1CA1D01}.Debug|x86.ActiveCfg = Debug|Win32
		{DB46F75D-CEA4-4574-82BF-12A6E1CA1D01}.Debug|x86.Build.0 = Debug|Win32
		{DB46F75D-CEA4-4574-82BF-12A6E1CA1D01}.Release|x64.ActiveCfg = Release|x64
		{DB46F75D-CEA4-4574-82BF-12A6E1CA1D01}.Release|x64.Build.0 = Release|x64
		{DB46F75D-CEA4-4574-82BF-12A6E1CA1D01}.Release|x86.ActiveCfg = Release|Win32
		{DB46F75D-CEA4-4574-82BF-12A6E1CA1D01}.Release|x86.Build.0 = Release|Win32
		{868B7E54-49B2-4E43-9513-70D675600E13}.Debug|x64.ActiveCfg = Debug|x64
		{868B7E54-49B2-4E43-9513-70D675600E13}.Debug|x64.Build.0 = Debug|x64
		{868B7E54-49B2-4E43-9513-70D675600E13}.Debug|x86.ActiveCfg = Debug|Win32
		{868B7E54-49B2-4E43-9513-70D675600E13}.Debug|x86.Build.0 = Debug|Win32
		{868B7E54-49B2-4E43-9513-70D675600E13}.Release|x64.ActiveCfg = Release|x64
		{868B7E54-49B2-4E43-9513-70D675600E13}.Release|x64.Build.0 = Release|x64
		{868B7E54-49B2-4E43-9513-70D675600E13}.Release|x86.ActiveCfg = Release|Win32
		{868B7E54-49B2-4E43-9513-70D675600E13}.Release|x86.Build.0 = Release|Win32
		{93E329FA-8C78-46C6-A03E-1BCB81DCA590}.Debug|x64.ActiveCfg = Debug|x64
		{93E329FA-8C78-46C6-A03E-1BCB81DCA590}.Debug|x64.Build.0 = Debug|x64
		{93E329FA-8C78-46C6-A03E-1BCB81DCA590}.Debug|x86.ActiveCfg = Debug|Win32
		{93E329FA-8C78-46C6-A03E-1BCB81DCA590}.Debug|x86.Build.0 = Debug|Win32
		{93E329FA-8C78-46C6-A03E-1BCB81DCA590}.Release|x64.ActiveCfg = Release|x64
		{93E329FA-8C78-46C6-A03E-1BCB81DCA590}.Release|x64.Build.0 = Release|x64
		{93E329FA-8C78-46C6-A03E-1BCB81DCA590}.Release|x86.ActiveCfg = Release|Win32
		{93E329FA-8C78-46C6-A03E-1BCB81DCA590}.Release|x86.Build.0 = Release|Win32
		{DB1F26C0-6CD9-4856-983B-C6BA3253969E}.Debug|x64.ActiveCfg = Debug|x64
		{DB1F26C0-6CD9-4856-983B-C6BA3253969E}.Debug|x64.Build.0 = Debug|x64
		{DB1F26C0-6CD9-4856-983B-C6BA3253969E}.Debug|x86.ActiveCfg = Debug|Win32
		{DB1F26C0-6CD9-4856-983B-C6BA3253969E}.Debug|x86.Build.0 = Debug|Win32
		{DB1F26C0-6CD9-4856-983B-C6BA3253969E}.Release|x64.ActiveCfg = Release|x64
		{DB1F26C0-6CD9-4856-983B-C6BA3253969E}.Release|x64.Build.0 = Release|x64
		{DB1F26C0-6CD9-4856-983B-C6BA3253969E}.Release|x86.ActiveCfg = Release|Win32
		{DB1F26C0-6CD9-4856-983B-C6BA3253969E}.Release|x86.Build.0 = Release|Win32
		{516E1C3F-F95E-4850-A1B2-D339B485FFC7}.Debug|x64.ActiveCfg = Debug|x64
		{516E1C3F-F95E-4850-A1B2-D339B485FFC7}.Debug|x64.Build.0 = Debug|x64
		{516E1C3F-F95E-4850-A1B2-D339B485FFC7}.Debug|x86.ActiveCfg = Debug|Win32
		{516E1C3F-F95E-4850-A1B2-D339B485FFC7}.Debug|x86.Build.0 = Debug|Win32
		{516E1C3F-F95E-4850-A1B2-D339B485FFC7}.Release|x64.ActiveCfg = Release|x64
		{516E1C3F-F95E-4850-A1B2-D339B485FFC7}.Release|x64.Build.0 = Release|x64
		{516E1C3F-F95E-4850-A1B2-D339B485FFC7}.Release|x86.ActiveCfg = Release|Win32
		{516E1C3F-F95E-4850-A1B2-D339B485FFC7}.Release|x86.Build.0 = Release|Win32
		{127C2371-CC0D-4E2D-BF59-6CF1B858D54A}.Debug|x64.ActiveCfg = Debug|x64
		{127C2371-CC0D-4E2D-BF59-6CF1B858D54A}.Debug|x64.Build.0 = Debug|x64
		{127C2371-CC0D-4E2D-BF59-6CF1B858D54A}.Debug|x86.ActiveCfg = Debug|Win32
		{127C2371-CC0D-4E2D-BF59-6CF1B858D54A}.Debug|x86.Build.0 = Debug|Win32
		{127C2371-CC0D-4E2D-BF59-6CF1B858D54A}.Release|x64.ActiveCfg = Release|x64
		{127C2371-CC0D-4E2D-BF59-6CF1B858D54A}.Release|x64.Build.0 = Release|x64
		{127C2371-CC0D-4E2D-BF59-6CF1B858D54A}.Release|x86.ActiveCfg = Release|Win32
		{127C2371-CC0D-4E2D-BF59-6CF1B858D54A}.Release|x86.Build.0 = Release|Win32
	EndGlobalSection
	GlobalSection(SolutionProperties) = preSolution
		HideSolutionNode = FALSE
	EndGlobalSection
	GlobalSection(ExtensibilityGlobals) = postSolution
		SolutionGuid = {A678D6F7-55E3-4BB0-88E0-20BECCD40EF7}
	EndGlobalSection
EndGlobal
